
Microsoft Visual Studio Solution File, Format Version 12.00
# Visual Studio Version 17
VisualStudioVersion = 17.4.33403.182
MinimumVisualStudioVersion = 10.0.40219.1
Project("{FAE04EC0-301F-11D3-BF4B-00C04F79EFBC}") = "DocGenerationAPI2", "DocGenerationAPI2\DocGenerationAPI2.csproj", "{6501D836-7F6E-4691-8D3D-64702696205D}"
EndProject
Global
	GlobalSection(SolutionConfigurationPlatforms) = preSolution
		Debug|Any CPU = Debug|Any CPU
		Release|Any CPU = Release|Any CPU
	EndGlobalSection
	GlobalSection(ProjectConfigurationPlatforms) = postSolution
		{6501D836-7F6E-4691-8D3D-64702696205D}.Debug|Any CPU.ActiveCfg = Debug|Any CPU
		{6501D836-7F6E-4691-8D3D-64702696205D}.Debug|Any CPU.Build.0 = Debug|Any CPU
		{6501D836-7F6E-4691-8D3D-64702696205D}.Release|Any CPU.ActiveCfg = Release|Any CPU
		{6501D836-7F6E-4691-8D3D-64702696205D}.Release|Any CPU.Build.0 = Release|Any CPU
	EndGlobalSection
	GlobalSection(SolutionProperties) = preSolution
		HideSolutionNode = FALSE
	EndGlobalSection
	GlobalSection(ExtensibilityGlobals) = postSolution
		SolutionGuid = {5EE6CC9B-46EE-4DB0-99A4-F18393390A5B}
	EndGlobalSection
EndGlobal
